
Microsoft Visual Studio Solution File, Format Version 12.00
# Visual Studio Version 16
VisualStudioVersion = 16.0.30225.117
MinimumVisualStudioVersion = 10.0.40219.1
Project("{FAE04EC0-301F-11D3-BF4B-00C04F79EFBC}") = "01.DefineAClassPerson", "01.DefineAClassPerson\01.DefineAClassPerson.csproj", "{EDE3E37A-0469-48C2-B86F-73944492E022}"
EndProject
Project("{FAE04EC0-301F-11D3-BF4B-00C04F79EFBC}") = "02.CreatingConstructors", "02.CreatingConstructors\02.CreatingConstructors.csproj", "{0E7FBC0E-A1C4-4FD8-AB36-9232DE4373FC}"
EndProject
Project("{FAE04EC0-301F-11D3-BF4B-00C04F79EFBC}") = "03.OldestFamilyMember", "03.OldestFamilyMember\03.OldestFamilyMember.csproj", "{318F4957-6185-4F4D-8E9D-7BF53AEF2C06}"
EndProject
Project("{FAE04EC0-301F-11D3-BF4B-00C04F79EFBC}") = "04.OpinionPoll", "04.OpinionPoll\04.OpinionPoll.csproj", "{A1750CA2-D8F2-46C3-9A19-ABAF924576C4}"
EndProject
Project("{FAE04EC0-301F-11D3-BF4B-00C04F79EFBC}") = "05.DateModifier", "05.DateModifier\05.DateModifier.csproj", "{0772D373-937E-4A2A-BB9B-FCFBE33A8238}"
EndProject
Project("{FAE04EC0-301F-11D3-BF4B-00C04F79EFBC}") = "06.SpeedRacing", "06.SpeedRacing\06.SpeedRacing.csproj", "{D3C32388-45DE-4971-A7C8-A5FD96C54F57}"
EndProject
Project("{FAE04EC0-301F-11D3-BF4B-00C04F79EFBC}") = "07.RawData", "07.RawData\07.RawData.csproj", "{E36866BD-1E9D-429A-B5F7-77371A448E0F}"
EndProject
Global
	GlobalSection(SolutionConfigurationPlatforms) = preSolution
		Debug|Any CPU = Debug|Any CPU
		Release|Any CPU = Release|Any CPU
	EndGlobalSection
	GlobalSection(ProjectConfigurationPlatforms) = postSolution
		{EDE3E37A-0469-48C2-B86F-73944492E022}.Debug|Any CPU.ActiveCfg = Debug|Any CPU
		{EDE3E37A-0469-48C2-B86F-73944492E022}.Debug|Any CPU.Build.0 = Debug|Any CPU
		{EDE3E37A-0469-48C2-B86F-73944492E022}.Release|Any CPU.ActiveCfg = Release|Any CPU
		{EDE3E37A-0469-48C2-B86F-73944492E022}.Release|Any CPU.Build.0 = Release|Any CPU
		{0E7FBC0E-A1C4-4FD8-AB36-9232DE4373FC}.Debug|Any CPU.ActiveCfg = Debug|Any CPU
		{0E7FBC0E-A1C4-4FD8-AB36-9232DE4373FC}.Debug|Any CPU.Build.0 = Debug|Any CPU
		{0E7FBC0E-A1C4-4FD8-AB36-9232DE4373FC}.Release|Any CPU.ActiveCfg = Release|Any CPU
		{0E7FBC0E-A1C4-4FD8-AB36-9232DE4373FC}.Release|Any CPU.Build.0 = Release|Any CPU
		{318F4957-6185-4F4D-8E9D-7BF53AEF2C06}.Debug|Any CPU.ActiveCfg = Debug|Any CPU
		{318F4957-6185-4F4D-8E9D-7BF53AEF2C06}.Debug|Any CPU.Build.0 = Debug|Any CPU
		{318F4957-6185-4F4D-8E9D-7BF53AEF2C06}.Release|Any CPU.ActiveCfg = Release|Any CPU
		{318F4957-6185-4F4D-8E9D-7BF53AEF2C06}.Release|Any CPU.Build.0 = Release|Any CPU
		{A1750CA2-D8F2-46C3-9A19-ABAF924576C4}.Debug|Any CPU.ActiveCfg = Debug|Any CPU
		{A1750CA2-D8F2-46C3-9A19-ABAF924576C4}.Debug|Any CPU.Build.0 = Debug|Any CPU
		{A1750CA2-D8F2-46C3-9A19-ABAF924576C4}.Release|Any CPU.ActiveCfg = Release|Any CPU
		{A1750CA2-D8F2-46C3-9A19-ABAF924576C4}.Release|Any CPU.Build.0 = Release|Any CPU
		{0772D373-937E-4A2A-BB9B-FCFBE33A8238}.Debug|Any CPU.ActiveCfg = Debug|Any CPU
		{0772D373-937E-4A2A-BB9B-FCFBE33A8238}.Debug|Any CPU.Build.0 = Debug|Any CPU
		{0772D373-937E-4A2A-BB9B-FCFBE33A8238}.Release|Any CPU.ActiveCfg = Release|Any CPU
		{0772D373-937E-4A2A-BB9B-FCFBE33A8238}.Release|Any CPU.Build.0 = Release|Any CPU
		{D3C32388-45DE-4971-A7C8-A5FD96C54F57}.Debug|Any CPU.ActiveCfg = Debug|Any CPU
		{D3C32388-45DE-4971-A7C8-A5FD96C54F57}.Debug|Any CPU.Build.0 = Debug|Any CPU
		{D3C32388-45DE-4971-A7C8-A5FD96C54F57}.Release|Any CPU.ActiveCfg = Release|Any CPU
		{D3C32388-45DE-4971-A7C8-A5FD96C54F57}.Release|Any CPU.Build.0 = Release|Any CPU
		{E36866BD-1E9D-429A-B5F7-77371A448E0F}.Debug|Any CPU.ActiveCfg = Debug|Any CPU
		{E36866BD-1E9D-429A-B5F7-77371A448E0F}.Debug|Any CPU.Build.0 = Debug|Any CPU
		{E36866BD-1E9D-429A-B5F7-77371A448E0F}.Release|Any CPU.ActiveCfg = Release|Any CPU
		{E36866BD-1E9D-429A-B5F7-77371A448E0F}.Release|Any CPU.Build.0 = Release|Any CPU
	EndGlobalSection
	GlobalSection(SolutionProperties) = preSolution
		HideSolutionNode = FALSE
	EndGlobalSection
	GlobalSection(ExtensibilityGlobals) = postSolution
		SolutionGuid = {3D8ADC34-9EAE-4BFB-A4DF-1308CDC73A73}
	EndGlobalSection
EndGlobal
