
Microsoft Visual Studio Solution File, Format Version 12.00
# Visual Studio Version 16
VisualStudioVersion = 16.0.30225.117
MinimumVisualStudioVersion = 10.0.40219.1
Project("{FAE04EC0-301F-11D3-BF4B-00C04F79EFBC}") = "BoxOfT", "01.BoxOfT\BoxOfT.csproj", "{C4201DED-C1C4-4EF5-89D7-184E699CDABB}"
EndProject
Project("{FAE04EC0-301F-11D3-BF4B-00C04F79EFBC}") = "GenericArrayCreator", "02.ArrayCreator\GenericArrayCreator.csproj", "{D9FA6F2D-2FB2-4307-98E6-9C2EAF906737}"
EndProject
Project("{FAE04EC0-301F-11D3-BF4B-00C04F79EFBC}") = "GenericScale", "03.GenericScale\GenericScale.csproj", "{73F8E7D1-6671-4DDC-9BED-E2290521CF0F}"
EndProject
Global
	GlobalSection(SolutionConfigurationPlatforms) = preSolution
		Debug|Any CPU = Debug|Any CPU
		Release|Any CPU = Release|Any CPU
	EndGlobalSection
	GlobalSection(ProjectConfigurationPlatforms) = postSolution
		{C4201DED-C1C4-4EF5-89D7-184E699CDABB}.Debug|Any CPU.ActiveCfg = Debug|Any CPU
		{C4201DED-C1C4-4EF5-89D7-184E699CDABB}.Debug|Any CPU.Build.0 = Debug|Any CPU
		{C4201DED-C1C4-4EF5-89D7-184E699CDABB}.Release|Any CPU.ActiveCfg = Release|Any CPU
		{C4201DED-C1C4-4EF5-89D7-184E699CDABB}.Release|Any CPU.Build.0 = Release|Any CPU
		{D9FA6F2D-2FB2-4307-98E6-9C2EAF906737}.Debug|Any CPU.ActiveCfg = Debug|Any CPU
		{D9FA6F2D-2FB2-4307-98E6-9C2EAF906737}.Debug|Any CPU.Build.0 = Debug|Any CPU
		{D9FA6F2D-2FB2-4307-98E6-9C2EAF906737}.Release|Any CPU.ActiveCfg = Release|Any CPU
		{D9FA6F2D-2FB2-4307-98E6-9C2EAF906737}.Release|Any CPU.Build.0 = Release|Any CPU
		{73F8E7D1-6671-4DDC-9BED-E2290521CF0F}.Debug|Any CPU.ActiveCfg = Debug|Any CPU
		{73F8E7D1-6671-4DDC-9BED-E2290521CF0F}.Debug|Any CPU.Build.0 = Debug|Any CPU
		{73F8E7D1-6671-4DDC-9BED-E2290521CF0F}.Release|Any CPU.ActiveCfg = Release|Any CPU
		{73F8E7D1-6671-4DDC-9BED-E2290521CF0F}.Release|Any CPU.Build.0 = Release|Any CPU
	EndGlobalSection
	GlobalSection(SolutionProperties) = preSolution
		HideSolutionNode = FALSE
	EndGlobalSection
	GlobalSection(ExtensibilityGlobals) = postSolution
		SolutionGuid = {476F886E-65A2-49C4-ACED-2DF584E02FE5}
	EndGlobalSection
EndGlobal
