
Microsoft Visual Studio Solution File, Format Version 12.00
# Visual Studio Version 16
VisualStudioVersion = 16.0.30225.117
MinimumVisualStudioVersion = 10.0.40219.1
Project("{FAE04EC0-301F-11D3-BF4B-00C04F79EFBC}") = "01.Car", "01.Car\01.Car.csproj", "{A616470E-9701-4E44-975B-BD7CAB7ECCC7}"
EndProject
Project("{FAE04EC0-301F-11D3-BF4B-00C04F79EFBC}") = "02.CarExtension", "02.CarExtension\02.CarExtension.csproj", "{B0E7F73B-53BB-4FFA-B301-8019EF869F9E}"
EndProject
Project("{FAE04EC0-301F-11D3-BF4B-00C04F79EFBC}") = "03.CarConstructurs", "03.CarConstructurs\03.CarConstructurs.csproj", "{7FDEB7B8-ED5D-460A-853E-93BA5F00A9B8}"
EndProject
Project("{FAE04EC0-301F-11D3-BF4B-00C04F79EFBC}") = "04.CarEngineAndTires", "04.CarEngineAndTires\04.CarEngineAndTires.csproj", "{53FE7B23-2A33-4904-82D2-C34D74CAB39A}"
EndProject
Project("{FAE04EC0-301F-11D3-BF4B-00C04F79EFBC}") = "05.SpecialCars", "05.SpecialCars\05.SpecialCars.csproj", "{8D116F7A-EBF3-492A-BCC5-30EA5FFD4D74}"
EndProject
Global
	GlobalSection(SolutionConfigurationPlatforms) = preSolution
		Debug|Any CPU = Debug|Any CPU
		Release|Any CPU = Release|Any CPU
	EndGlobalSection
	GlobalSection(ProjectConfigurationPlatforms) = postSolution
		{A616470E-9701-4E44-975B-BD7CAB7ECCC7}.Debug|Any CPU.ActiveCfg = Debug|Any CPU
		{A616470E-9701-4E44-975B-BD7CAB7ECCC7}.Debug|Any CPU.Build.0 = Debug|Any CPU
		{A616470E-9701-4E44-975B-BD7CAB7ECCC7}.Release|Any CPU.ActiveCfg = Release|Any CPU
		{A616470E-9701-4E44-975B-BD7CAB7ECCC7}.Release|Any CPU.Build.0 = Release|Any CPU
		{B0E7F73B-53BB-4FFA-B301-8019EF869F9E}.Debug|Any CPU.ActiveCfg = Debug|Any CPU
		{B0E7F73B-53BB-4FFA-B301-8019EF869F9E}.Debug|Any CPU.Build.0 = Debug|Any CPU
		{B0E7F73B-53BB-4FFA-B301-8019EF869F9E}.Release|Any CPU.ActiveCfg = Release|Any CPU
		{B0E7F73B-53BB-4FFA-B301-8019EF869F9E}.Release|Any CPU.Build.0 = Release|Any CPU
		{7FDEB7B8-ED5D-460A-853E-93BA5F00A9B8}.Debug|Any CPU.ActiveCfg = Debug|Any CPU
		{7FDEB7B8-ED5D-460A-853E-93BA5F00A9B8}.Debug|Any CPU.Build.0 = Debug|Any CPU
		{7FDEB7B8-ED5D-460A-853E-93BA5F00A9B8}.Release|Any CPU.ActiveCfg = Release|Any CPU
		{7FDEB7B8-ED5D-460A-853E-93BA5F00A9B8}.Release|Any CPU.Build.0 = Release|Any CPU
		{53FE7B23-2A33-4904-82D2-C34D74CAB39A}.Debug|Any CPU.ActiveCfg = Debug|Any CPU
		{53FE7B23-2A33-4904-82D2-C34D74CAB39A}.Debug|Any CPU.Build.0 = Debug|Any CPU
		{53FE7B23-2A33-4904-82D2-C34D74CAB39A}.Release|Any CPU.ActiveCfg = Release|Any CPU
		{53FE7B23-2A33-4904-82D2-C34D74CAB39A}.Release|Any CPU.Build.0 = Release|Any CPU
		{8D116F7A-EBF3-492A-BCC5-30EA5FFD4D74}.Debug|Any CPU.ActiveCfg = Debug|Any CPU
		{8D116F7A-EBF3-492A-BCC5-30EA5FFD4D74}.Debug|Any CPU.Build.0 = Debug|Any CPU
		{8D116F7A-EBF3-492A-BCC5-30EA5FFD4D74}.Release|Any CPU.ActiveCfg = Release|Any CPU
		{8D116F7A-EBF3-492A-BCC5-30EA5FFD4D74}.Release|Any CPU.Build.0 = Release|Any CPU
	EndGlobalSection
	GlobalSection(SolutionProperties) = preSolution
		HideSolutionNode = FALSE
	EndGlobalSection
	GlobalSection(ExtensibilityGlobals) = postSolution
		SolutionGuid = {6169B5D6-93EF-448D-8036-422EFEAE4BEF}
	EndGlobalSection
EndGlobal
